
Microsoft Visual Studio Solution File, Format Version 12.00
# Visual Studio 2012
VisualStudioVersion = 12.0.21005.1
MinimumVisualStudioVersion = 10.0.40219.1
Project("{FAE04EC0-301F-11D3-BF4B-00C04F79EFBC}") = "NancyHub", "NancyHub\NancyHub.csproj", "{AC48F78A-DA64-4547-AAB2-9CDD033502EA}"
EndProject
Project("{FAE04EC0-301F-11D3-BF4B-00C04F79EFBC}") = "NancyHubOwin", "NancyHubOwin\NancyHubOwin.csproj", "{A3FFB987-8B1B-4251-878D-823D78A8C61C}"
EndProject
Project("{FAE04EC0-301F-11D3-BF4B-00C04F79EFBC}") = "FastCgiNet", "FastCgiNet\FastCgiNet.csproj", "{A0F27C46-BC4E-4611-AF1F-A2B52A3746BD}"
EndProject
Project("{FAE04EC0-301F-11D3-BF4B-00C04F79EFBC}") = "Fos", "Fos\Fos.csproj", "{768202EE-B788-4265-B808-09DEACC99839}"
EndProject
Project("{FAE04EC0-301F-11D3-BF4B-00C04F79EFBC}") = "TestApp", "TestApp\TestApp.csproj", "{8ACF9F3F-1447-4427-B6C6-BC4FC1F425DD}"
EndProject
Project("{FAE04EC0-301F-11D3-BF4B-00C04F79EFBC}") = "WebTest", "WebTest\WebTest.csproj", "{0930CA4C-4F6C-4D59-BBDC-CD01E344F740}"
EndProject
Project("{FAE04EC0-301F-11D3-BF4B-00C04F79EFBC}") = "GitAdmin", "GitAdmin\GitAdmin.csproj", "{F5911D70-0D7E-44EE-A260-378A3423130B}"
EndProject
Project("{FAE04EC0-301F-11D3-BF4B-00C04F79EFBC}") = "GitManager", "GitManager\GitManager.csproj", "{2D96611F-51C1-4E2F-95D8-D9BE4026E491}"
EndProject
Global
	GlobalSection(SolutionConfigurationPlatforms) = preSolution
		Debug|Any CPU = Debug|Any CPU
		Release|Any CPU = Release|Any CPU
	EndGlobalSection
	GlobalSection(ProjectConfigurationPlatforms) = postSolution
		{0930CA4C-4F6C-4D59-BBDC-CD01E344F740}.Debug|Any CPU.ActiveCfg = Debug|Any CPU
		{0930CA4C-4F6C-4D59-BBDC-CD01E344F740}.Debug|Any CPU.Build.0 = Debug|Any CPU
		{0930CA4C-4F6C-4D59-BBDC-CD01E344F740}.Release|Any CPU.ActiveCfg = Release|Any CPU
		{0930CA4C-4F6C-4D59-BBDC-CD01E344F740}.Release|Any CPU.Build.0 = Release|Any CPU
		{2D96611F-51C1-4E2F-95D8-D9BE4026E491}.Debug|Any CPU.ActiveCfg = Debug|Any CPU
		{2D96611F-51C1-4E2F-95D8-D9BE4026E491}.Debug|Any CPU.Build.0 = Debug|Any CPU
		{2D96611F-51C1-4E2F-95D8-D9BE4026E491}.Release|Any CPU.ActiveCfg = Release|Any CPU
		{2D96611F-51C1-4E2F-95D8-D9BE4026E491}.Release|Any CPU.Build.0 = Release|Any CPU
		{768202EE-B788-4265-B808-09DEACC99839}.Debug|Any CPU.ActiveCfg = Debug|Any CPU
		{768202EE-B788-4265-B808-09DEACC99839}.Debug|Any CPU.Build.0 = Debug|Any CPU
		{768202EE-B788-4265-B808-09DEACC99839}.Release|Any CPU.ActiveCfg = Release|Any CPU
		{768202EE-B788-4265-B808-09DEACC99839}.Release|Any CPU.Build.0 = Release|Any CPU
		{8ACF9F3F-1447-4427-B6C6-BC4FC1F425DD}.Debug|Any CPU.ActiveCfg = Debug|Any CPU
		{8ACF9F3F-1447-4427-B6C6-BC4FC1F425DD}.Debug|Any CPU.Build.0 = Debug|Any CPU
		{8ACF9F3F-1447-4427-B6C6-BC4FC1F425DD}.Release|Any CPU.ActiveCfg = Release|Any CPU
		{8ACF9F3F-1447-4427-B6C6-BC4FC1F425DD}.Release|Any CPU.Build.0 = Release|Any CPU
		{A0F27C46-BC4E-4611-AF1F-A2B52A3746BD}.Debug|Any CPU.ActiveCfg = Debug|Any CPU
		{A0F27C46-BC4E-4611-AF1F-A2B52A3746BD}.Debug|Any CPU.Build.0 = Debug|Any CPU
		{A0F27C46-BC4E-4611-AF1F-A2B52A3746BD}.Release|Any CPU.ActiveCfg = Release|Any CPU
		{A0F27C46-BC4E-4611-AF1F-A2B52A3746BD}.Release|Any CPU.Build.0 = Release|Any CPU
		{A3FFB987-8B1B-4251-878D-823D78A8C61C}.Debug|Any CPU.ActiveCfg = Debug|Any CPU
		{A3FFB987-8B1B-4251-878D-823D78A8C61C}.Debug|Any CPU.Build.0 = Debug|Any CPU
		{A3FFB987-8B1B-4251-878D-823D78A8C61C}.Release|Any CPU.ActiveCfg = Release|Any CPU
		{A3FFB987-8B1B-4251-878D-823D78A8C61C}.Release|Any CPU.Build.0 = Release|Any CPU
		{AC48F78A-DA64-4547-AAB2-9CDD033502EA}.Debug|Any CPU.ActiveCfg = Debug|Any CPU
		{AC48F78A-DA64-4547-AAB2-9CDD033502EA}.Debug|Any CPU.Build.0 = Debug|Any CPU
		{AC48F78A-DA64-4547-AAB2-9CDD033502EA}.Release|Any CPU.ActiveCfg = Release|Any CPU
		{AC48F78A-DA64-4547-AAB2-9CDD033502EA}.Release|Any CPU.Build.0 = Release|Any CPU
		{F5911D70-0D7E-44EE-A260-378A3423130B}.Debug|Any CPU.ActiveCfg = Debug|Any CPU
		{F5911D70-0D7E-44EE-A260-378A3423130B}.Debug|Any CPU.Build.0 = Debug|Any CPU
		{F5911D70-0D7E-44EE-A260-378A3423130B}.Release|Any CPU.ActiveCfg = Release|Any CPU
		{F5911D70-0D7E-44EE-A260-378A3423130B}.Release|Any CPU.Build.0 = Release|Any CPU
	EndGlobalSection
	GlobalSection(SolutionProperties) = preSolution
		HideSolutionNode = FALSE
	EndGlobalSection
EndGlobal
